<?xml version="1.0" encoding="utf-8"?>
<Project ToolsVersion="4.0" xmlns="http://schemas.microsoft.com/developer/msbuild/2003">
  <ItemGroup>
    <Filter Include="소스 파일">
      <UniqueIdentifier>{4FC737F1-C7A5-4376-A066-2A32D752A2FF}</UniqueIdentifier>
      <Extensions>cpp;c;cc;cxx;def;odl;idl;hpj;bat;asm;asmx</Extensions>
    </Filter>
    <Filter Include="헤더 파일">
      <UniqueIdentifier>{93995380-89BD-4b04-88EB-625FBE52EBFB}</UniqueIdentifier>
      <Extensions>h;hh;hpp;hxx;hm;inl;inc;xsd</Extensions>
    </Filter>
    <Filter Include="Frojengine">
      <UniqueIdentifier>{c7ac5f48-e74c-48f3-99bc-62168699d0bb}</UniqueIdentifier>
    </Filter>
    <Filter Include="Frojengine\fx">
      <UniqueIdentifier>{87ad40b2-7d43-4b20-8634-70e5872f6cf2}</UniqueIdentifier>
    </Filter>
    <Filter Include="Frojengine\System">
      <UniqueIdentifier>{86d4b6bb-6c55-4a96-9ea8-9a26675e4703}</UniqueIdentifier>
    </Filter>
    <Filter Include="Frojengine\System\Header File">
      <UniqueIdentifier>{df1f6c55-e501-4f47-92d6-7d6a9157ce04}</UniqueIdentifier>
    </Filter>
    <Filter Include="Frojengine\System\Source File">
      <UniqueIdentifier>{fcbb183d-0c15-4d36-afba-a727ed0b5dbf}</UniqueIdentifier>
    </Filter>
    <Filter Include="Frojengine\Object">
      <UniqueIdentifier>{705f89e8-6708-4085-b5c1-11636c21cf44}</UniqueIdentifier>
    </Filter>
    <Filter Include="Frojengine\Object\Source File">
      <UniqueIdentifier>{3791c184-e6c8-4fd8-b101-8414b22e572a}</UniqueIdentifier>
    </Filter>
    <Filter Include="Frojengine\Object\Header File">
      <UniqueIdentifier>{d9c234d0-3dde-4007-9853-8e2059d2a684}</UniqueIdentifier>
    </Filter>
    <Filter Include="리소스 파일">
      <UniqueIdentifier>{67DA6AB6-F800-4c08-8B7A-83BB121AAD01}</UniqueIdentifier>
      <Extensions>rc;ico;cur;bmp;dlg;rc2;rct;bin;rgs;gif;jpg;jpeg;jpe;resx;tiff;tif;png;wav;mfcribbon-ms</Extensions>
    </Filter>
    <Filter Include="Frojengine\Resource Manager">
      <UniqueIdentifier>{0ed98923-3657-4efa-8406-9fdd48a15212}</UniqueIdentifier>
    </Filter>
    <Filter Include="Frojengine\Resource Manager\Header File">
      <UniqueIdentifier>{22a392d1-16d7-4477-b7a4-37b249dcb030}</UniqueIdentifier>
    </Filter>
    <Filter Include="Frojengine\Resource Manager\Source File">
      <UniqueIdentifier>{8da77925-4492-4c67-936d-b28d037a9084}</UniqueIdentifier>
    </Filter>
    <Filter Include="Frojengine\Default">
      <UniqueIdentifier>{7f9c02b3-bce8-4578-88b0-c004f8a5a441}</UniqueIdentifier>
    </Filter>
    <Filter Include="Frojengine\Default\Source File">
      <UniqueIdentifier>{9b4aa6d5-17da-4181-80f8-43f3eda45949}</UniqueIdentifier>
    </Filter>
    <Filter Include="Frojengine\Default\Header File">
      <UniqueIdentifier>{0c9f7156-ce06-41ff-b21f-c8b062798a94}</UniqueIdentifier>
    </Filter>
    <Filter Include="Frojengine\Component">
      <UniqueIdentifier>{86fe3fdf-5ca3-456d-8ff0-6bca816f43ff}</UniqueIdentifier>
    </Filter>
    <Filter Include="Frojengine\Component\Header File">
      <UniqueIdentifier>{394fdcd5-5940-459f-85d8-9d04625e4265}</UniqueIdentifier>
    </Filter>
    <Filter Include="Frojengine\Component\Source File">
      <UniqueIdentifier>{af83611a-2b64-4815-b6b4-2d17246e7bdd}</UniqueIdentifier>
    </Filter>
  </ItemGroup>
  <ItemGroup>
    <ClCompile Include="FJSystemEngine.cpp">
      <Filter>Frojengine\System\Source File</Filter>
    </ClCompile>
    <ClCompile Include="FJRenderingEngine.cpp">
      <Filter>Frojengine\System\Source File</Filter>
    </ClCompile>
    <ClCompile Include="Scene.cpp">
      <Filter>Frojengine\Object\Source File</Filter>
    </ClCompile>
    <ClCompile Include="Object.cpp">
      <Filter>Frojengine\Object\Source File</Filter>
    </ClCompile>
    <ClCompile Include="Mesh.cpp">
      <Filter>Frojengine\Object\Source File</Filter>
    </ClCompile>
    <ClCompile Include="Material.cpp">
      <Filter>Frojengine\Object\Source File</Filter>
    </ClCompile>
    <ClCompile Include="Shader.cpp">
      <Filter>Frojengine\Object\Source File</Filter>
    </ClCompile>
    <ClCompile Include="MainScene.cpp">
      <Filter>소스 파일</Filter>
    </ClCompile>
    <ClCompile Include="Hero.cpp">
      <Filter>소스 파일</Filter>
    </ClCompile>
    <ClCompile Include="SceneManager.cpp">
      <Filter>Frojengine\Resource Manager\Source File</Filter>
    </ClCompile>
    <ClCompile Include="IObject.cpp">
      <Filter>Frojengine\Object\Source File</Filter>
    </ClCompile>
    <ClCompile Include="Texture.cpp">
      <Filter>Frojengine\Object\Source File</Filter>
    </ClCompile>
    <ClCompile Include="FJUtility.cpp">
      <Filter>Frojengine\System\Source File</Filter>
    </ClCompile>
    <ClCompile Include="FileLoader.cpp">
      <Filter>Frojengine\System\Source File</Filter>
    </ClCompile>
    <ClCompile Include="DefaultShader.cpp">
      <Filter>Frojengine\Default\Source File</Filter>
    </ClCompile>
    <ClCompile Include="main.cpp">
      <Filter>Frojengine</Filter>
    </ClCompile>
    <ClCompile Include="Time.cpp">
      <Filter>Frojengine\System\Source File</Filter>
    </ClCompile>
    <ClCompile Include="Line.cpp">
      <Filter>Frojengine\Object\Source File</Filter>
    </ClCompile>
    <ClCompile Include="Debug.cpp">
      <Filter>Frojengine\Object\Source File</Filter>
    </ClCompile>
    <ClCompile Include="Camera.cpp">
      <Filter>Frojengine\Component\Source File</Filter>
    </ClCompile>
    <ClCompile Include="Transform.cpp">
      <Filter>Frojengine\Component\Source File</Filter>
    </ClCompile>
    <ClCompile Include="Renderer.cpp">
      <Filter>Frojengine\Component\Source File</Filter>
    </ClCompile>
    <ClCompile Include="Behaviour.cpp">
      <Filter>Frojengine\Component\Source File</Filter>
    </ClCompile>
    <ClCompile Include="temp.cpp">
      <Filter>소스 파일</Filter>
    </ClCompile>
    <ClCompile Include="System.cpp">
      <Filter>소스 파일</Filter>
    </ClCompile>
    <ClCompile Include="Template.cpp" />
    <ClCompile Include="Windmill.cpp">
      <Filter>헤더 파일</Filter>
    </ClCompile>
    <ClCompile Include="Model.cpp">
      <Filter>Frojengine\Object</Filter>
    </ClCompile>
  </ItemGroup>
  <ItemGroup>
    <ClInclude Include="FJDefine.h">
      <Filter>Frojengine\System\Header File</Filter>
    </ClInclude>
    <ClInclude Include="FJSystemEngine.h">
      <Filter>Frojengine\System\Header File</Filter>
    </ClInclude>
    <ClInclude Include="FJRenderingEngine.h">
      <Filter>Frojengine\System\Header File</Filter>
    </ClInclude>
    <ClInclude Include="Frojengine.h">
      <Filter>Frojengine\System\Header File</Filter>
    </ClInclude>
    <ClInclude Include="..\DXTK\Inc\DirectXTK.h">
      <Filter>Frojengine\System\Header File</Filter>
    </ClInclude>
    <ClInclude Include="Mesh.h">
      <Filter>Frojengine\Object\Header File</Filter>
    </ClInclude>
    <ClInclude Include="Material.h">
      <Filter>Frojengine\Object\Header File</Filter>
    </ClInclude>
    <ClInclude Include="Shader.h">
      <Filter>Frojengine\Object\Header File</Filter>
    </ClInclude>
    <ClInclude Include="MainScene.h">
      <Filter>헤더 파일</Filter>
    </ClInclude>
    <ClInclude Include="Hero.h">
      <Filter>헤더 파일</Filter>
    </ClInclude>
    <ClInclude Include="IObject.h">
      <Filter>Frojengine\Object\Header File</Filter>
    </ClInclude>
    <ClInclude Include="Texture.h">
      <Filter>Frojengine\Object\Header File</Filter>
    </ClInclude>
    <ClInclude Include="SceneManager.h">
      <Filter>Frojengine\Resource Manager\Header File</Filter>
    </ClInclude>
    <ClInclude Include="FJUtility.h">
      <Filter>Frojengine\System\Header File</Filter>
    </ClInclude>
    <ClInclude Include="FileLoader.h">
      <Filter>Frojengine\System\Header File</Filter>
    </ClInclude>
    <ClInclude Include="DefaultShader.h">
      <Filter>Frojengine\Default\Header File</Filter>
    </ClInclude>
    <ClInclude Include="Time.h">
      <Filter>Frojengine\System\Header File</Filter>
    </ClInclude>
    <ClInclude Include="Debug.h">
      <Filter>Frojengine\Object\Header File</Filter>
    </ClInclude>
    <ClInclude Include="Line.h">
      <Filter>Frojengine\Object\Header File</Filter>
    </ClInclude>
    <ClInclude Include="Device.h">
      <Filter>Frojengine\System\Header File</Filter>
    </ClInclude>
    <ClInclude Include="Component.h">
      <Filter>Frojengine\Component</Filter>
    </ClInclude>
    <ClInclude Include="Transform.h">
      <Filter>Frojengine\Component\Header File</Filter>
    </ClInclude>
    <ClInclude Include="Camera.h">
      <Filter>Frojengine\Component\Header File</Filter>
    </ClInclude>
    <ClInclude Include="Scene.h">
      <Filter>Frojengine\Object\Header File</Filter>
    </ClInclude>
    <ClInclude Include="Renderer.h">
      <Filter>Frojengine\Component\Header File</Filter>
    </ClInclude>
    <ClInclude Include="Behaviour.h">
      <Filter>Frojengine\Component\Header File</Filter>
    </ClInclude>
    <ClInclude Include="temp.h">
      <Filter>헤더 파일</Filter>
    </ClInclude>
    <ClInclude Include="System.h">
      <Filter>헤더 파일</Filter>
    </ClInclude>
    <ClInclude Include="Template.h" />
    <ClInclude Include="Windmill.h">
      <Filter>소스 파일</Filter>
    </ClInclude>
    <ClInclude Include="Object.h">
      <Filter>Frojengine\Object\Header File</Filter>
    </ClInclude>
    <ClInclude Include="Model.h">
      <Filter>Frojengine\Object</Filter>
    </ClInclude>
  </ItemGroup>
  <ItemGroup>
    <FxCompile Include="fx\Standard.fx">
      <Filter>리소스 파일</Filter>
    </FxCompile>
  </ItemGroup>
</Project>