<?xml version="1.0" encoding="utf-8"?>
<Project ToolsVersion="4.0" xmlns="http://schemas.microsoft.com/developer/msbuild/2003">
  <ItemGroup>
    <Filter Include="소스 파일">
      <UniqueIdentifier>{4FC737F1-C7A5-4376-A066-2A32D752A2FF}</UniqueIdentifier>
      <Extensions>cpp;c;cc;cxx;def;odl;idl;hpj;bat;asm;asmx</Extensions>
    </Filter>
    <Filter Include="헤더 파일">
      <UniqueIdentifier>{93995380-89BD-4b04-88EB-625FBE52EBFB}</UniqueIdentifier>
      <Extensions>h;hh;hpp;hxx;hm;inl;inc;xsd</Extensions>
    </Filter>
    <Filter Include="Frojengine">
      <UniqueIdentifier>{c7ac5f48-e74c-48f3-99bc-62168699d0bb}</UniqueIdentifier>
    </Filter>
    <Filter Include="Frojengine\fx">
      <UniqueIdentifier>{87ad40b2-7d43-4b20-8634-70e5872f6cf2}</UniqueIdentifier>
    </Filter>
    <Filter Include="Frojengine\System">
      <UniqueIdentifier>{86d4b6bb-6c55-4a96-9ea8-9a26675e4703}</UniqueIdentifier>
    </Filter>
    <Filter Include="Frojengine\System\Header File">
      <UniqueIdentifier>{df1f6c55-e501-4f47-92d6-7d6a9157ce04}</UniqueIdentifier>
    </Filter>
    <Filter Include="Frojengine\System\Source File">
      <UniqueIdentifier>{fcbb183d-0c15-4d36-afba-a727ed0b5dbf}</UniqueIdentifier>
    </Filter>
    <Filter Include="Frojengine\Object">
      <UniqueIdentifier>{705f89e8-6708-4085-b5c1-11636c21cf44}</UniqueIdentifier>
    </Filter>
    <Filter Include="Frojengine\Object\Source File">
      <UniqueIdentifier>{3791c184-e6c8-4fd8-b101-8414b22e572a}</UniqueIdentifier>
    </Filter>
    <Filter Include="Frojengine\Object\Header File">
      <UniqueIdentifier>{d9c234d0-3dde-4007-9853-8e2059d2a684}</UniqueIdentifier>
    </Filter>
    <Filter Include="리소스 파일">
      <UniqueIdentifier>{67DA6AB6-F800-4c08-8B7A-83BB121AAD01}</UniqueIdentifier>
      <Extensions>rc;ico;cur;bmp;dlg;rc2;rct;bin;rgs;gif;jpg;jpeg;jpe;resx;tiff;tif;png;wav;mfcribbon-ms</Extensions>
    </Filter>
    <Filter Include="Frojengine\Resource Manager">
      <UniqueIdentifier>{0ed98923-3657-4efa-8406-9fdd48a15212}</UniqueIdentifier>
    </Filter>
    <Filter Include="Frojengine\Resource Manager\Header File">
      <UniqueIdentifier>{22a392d1-16d7-4477-b7a4-37b249dcb030}</UniqueIdentifier>
    </Filter>
    <Filter Include="Frojengine\Resource Manager\Source File">
      <UniqueIdentifier>{8da77925-4492-4c67-936d-b28d037a9084}</UniqueIdentifier>
    </Filter>
  </ItemGroup>
  <ItemGroup>
    <ClCompile Include="main.cpp">
      <Filter>소스 파일</Filter>
    </ClCompile>
    <ClCompile Include="FJSystemEngine.cpp">
      <Filter>Frojengine\System\Source File</Filter>
    </ClCompile>
    <ClCompile Include="FJRenderingEngine.cpp">
      <Filter>Frojengine\System\Source File</Filter>
    </ClCompile>
    <ClCompile Include="Scene.cpp">
      <Filter>Frojengine\Object\Source File</Filter>
    </ClCompile>
    <ClCompile Include="Object.cpp">
      <Filter>Frojengine\Object\Source File</Filter>
    </ClCompile>
    <ClCompile Include="Mesh.cpp">
      <Filter>Frojengine\Object\Source File</Filter>
    </ClCompile>
    <ClCompile Include="Model.cpp">
      <Filter>Frojengine\Object\Source File</Filter>
    </ClCompile>
    <ClCompile Include="Material.cpp">
      <Filter>Frojengine\Object\Source File</Filter>
    </ClCompile>
    <ClCompile Include="Shader.cpp">
      <Filter>Frojengine\Object\Source File</Filter>
    </ClCompile>
    <ClCompile Include="MainScene.cpp">
      <Filter>소스 파일</Filter>
    </ClCompile>
    <ClCompile Include="Hero.cpp">
      <Filter>소스 파일</Filter>
    </ClCompile>
    <ClCompile Include="SceneManager.cpp">
      <Filter>Frojengine\Resource Manager\Source File</Filter>
    </ClCompile>
    <ClCompile Include="ShaderManager.cpp">
      <Filter>Frojengine\Resource Manager\Source File</Filter>
    </ClCompile>
    <ClCompile Include="MeshManager.cpp">
      <Filter>Frojengine\Resource Manager\Source File</Filter>
    </ClCompile>
    <ClCompile Include="MaterialManager.cpp">
      <Filter>Frojengine\Resource Manager\Source File</Filter>
    </ClCompile>
    <ClCompile Include="IObject.cpp">
      <Filter>Frojengine\Object\Source File</Filter>
    </ClCompile>
  </ItemGroup>
  <ItemGroup>
    <ClInclude Include="FJDefine.h">
      <Filter>Frojengine\System\Header File</Filter>
    </ClInclude>
    <ClInclude Include="FJSystemEngine.h">
      <Filter>Frojengine\System\Header File</Filter>
    </ClInclude>
    <ClInclude Include="FJRenderingEngine.h">
      <Filter>Frojengine\System\Header File</Filter>
    </ClInclude>
    <ClInclude Include="Frojengine.h">
      <Filter>Frojengine\System\Header File</Filter>
    </ClInclude>
    <ClInclude Include="..\DXTK\Inc\DirectXTK.h">
      <Filter>Frojengine\System\Header File</Filter>
    </ClInclude>
    <ClInclude Include="Scene.h">
      <Filter>Frojengine\Object\Header File</Filter>
    </ClInclude>
    <ClInclude Include="Object.h">
      <Filter>Frojengine\Object\Header File</Filter>
    </ClInclude>
    <ClInclude Include="Mesh.h">
      <Filter>Frojengine\Object\Header File</Filter>
    </ClInclude>
    <ClInclude Include="Model.h">
      <Filter>Frojengine\Object\Header File</Filter>
    </ClInclude>
    <ClInclude Include="Material.h">
      <Filter>Frojengine\Object\Header File</Filter>
    </ClInclude>
    <ClInclude Include="Shader.h">
      <Filter>Frojengine\Object\Header File</Filter>
    </ClInclude>
    <ClInclude Include="MainScene.h">
      <Filter>헤더 파일</Filter>
    </ClInclude>
    <ClInclude Include="Hero.h">
      <Filter>헤더 파일</Filter>
    </ClInclude>
    <ClInclude Include="MeshManager.h">
      <Filter>Frojengine\Resource Manager\Header File</Filter>
    </ClInclude>
    <ClInclude Include="SceneManager.h">
      <Filter>Frojengine\Resource Manager\Header File</Filter>
    </ClInclude>
    <ClInclude Include="ShaderManager.h">
      <Filter>Frojengine\Resource Manager\Header File</Filter>
    </ClInclude>
    <ClInclude Include="MaterIalManager.h">
      <Filter>Frojengine\Resource Manager\Header File</Filter>
    </ClInclude>
    <ClInclude Include="IObject.h">
      <Filter>Frojengine\Object\Header File</Filter>
    </ClInclude>
  </ItemGroup>
</Project>